// !$*UTF8*$!
{
	archiveVersion = 1;
	classes = {
	};
	objectVersion = 46;
	objects = {

/* Begin PBXBuildFile section */
		CA3AAAC21A10D09A007DB6E2 /* AppDelegate.swift in Sources */ = {isa = PBXBuildFile; fileRef = CA3AAAC11A10D09A007DB6E2 /* AppDelegate.swift */; };
		CA3AAAC41A10D09A007DB6E2 /* ViewController.swift in Sources */ = {isa = PBXBuildFile; fileRef = CA3AAAC31A10D09A007DB6E2 /* ViewController.swift */; };
		CA3AAAC71A10D09A007DB6E2 /* Main.storyboard in Resources */ = {isa = PBXBuildFile; fileRef = CA3AAAC51A10D09A007DB6E2 /* Main.storyboard */; };
		CA3AAAC91A10D09A007DB6E2 /* Images.xcassets in Resources */ = {isa = PBXBuildFile; fileRef = CA3AAAC81A10D09A007DB6E2 /* Images.xcassets */; };
		CA3AAACC1A10D09A007DB6E2 /* LaunchScreen.xib in Resources */ = {isa = PBXBuildFile; fileRef = CA3AAACA1A10D09A007DB6E2 /* LaunchScreen.xib */; };
		CA3AAAD81A10D09A007DB6E2 /* TabledemoTests.swift in Sources */ = {isa = PBXBuildFile; fileRef = CA3AAAD71A10D09A007DB6E2 /* TabledemoTests.swift */; };
		CA3AAAE21A10D131007DB6E2 /* MooieTable.swift in Sources */ = {isa = PBXBuildFile; fileRef = CA3AAAE11A10D131007DB6E2 /* MooieTable.swift */; };
/* End PBXBuildFile section */

/* Begin PBXContainerItemProxy section */
		CA3AAAD21A10D09A007DB6E2 /* PBXContainerItemProxy */ = {
			isa = PBXContainerItemProxy;
			containerPortal = CA3AAAB41A10D09A007DB6E2 /* Project object */;
			proxyType = 1;
			remoteGlobalIDString = CA3AAABB1A10D09A007DB6E2;
			remoteInfo = Tabledemo;
		};
/* End PBXContainerItemProxy section */

/* Begin PBXFileReference section */
		CA3AAABC1A10D09A007DB6E2 /* Tabledemo.app */ = {isa = PBXFileReference; explicitFileType = wrapper.application; includeInIndex = 0; path = Tabledemo.app; sourceTree = BUILT_PRODUCTS_DIR; };
		CA3AAAC01A10D09A007DB6E2 /* Info.plist */ = {isa = PBXFileReference; lastKnownFileType = text.plist.xml; path = Info.plist; sourceTree = "<group>"; };
		CA3AAAC11A10D09A007DB6E2 /* AppDelegate.swift */ = {isa = PBXFileReference; lastKnownFileType = sourcecode.swift; path = AppDelegate.swift; sourceTree = "<group>"; };
		CA3AAAC31A10D09A007DB6E2 /* ViewController.swift */ = {isa = PBXFileReference; lastKnownFileType = sourcecode.swift; path = ViewController.swift; sourceTree = "<group>"; };
		CA3AAAC61A10D09A007DB6E2 /* Base */ = {isa = PBXFileReference; lastKnownFileType = file.storyboard; name = Base; path = Base.lproj/Main.storyboard; sourceTree = "<group>"; };
		CA3AAAC81A10D09A007DB6E2 /* Images.xcassets */ = {isa = PBXFileReference; lastKnownFileType = folder.assetcatalog; path = Images.xcassets; sourceTree = "<group>"; };
		CA3AAACB1A10D09A007DB6E2 /* Base */ = {isa = PBXFileReference; lastKnownFileType = file.xib; name = Base; path = Base.lproj/LaunchScreen.xib; sourceTree = "<group>"; };
		CA3AAAD11A10D09A007DB6E2 /* TabledemoTests.xctest */ = {isa = PBXFileReference; explicitFileType = wrapper.cfbundle; includeInIndex = 0; path = TabledemoTests.xctest; sourceTree = BUILT_PRODUCTS_DIR; };
		CA3AAAD61A10D09A007DB6E2 /* Info.plist */ = {isa = PBXFileReference; lastKnownFileType = text.plist.xml; path = Info.plist; sourceTree = "<group>"; };
		CA3AAAD71A10D09A007DB6E2 /* TabledemoTests.swift */ = {isa = PBXFileReference; lastKnownFileType = sourcecode.swift; path = TabledemoTests.swift; sourceTree = "<group>"; };
		CA3AAAE11A10D131007DB6E2 /* MooieTable.swift */ = {isa = PBXFileReference; fileEncoding = 4; lastKnownFileType = sourcecode.swift; path = MooieTable.swift; sourceTree = "<group>"; };
/* End PBXFileReference section */

/* Begin PBXFrameworksBuildPhase section */
		CA3AAAB91A10D09A007DB6E2 /* Frameworks */ = {
			isa = PBXFrameworksBuildPhase;
			buildActionMask = 2147483647;
			files = (
			);
			runOnlyForDeploymentPostprocessing = 0;
		};
		CA3AAACE1A10D09A007DB6E2 /* Frameworks */ = {
			isa = PBXFrameworksBuildPhase;
			buildActionMask = 2147483647;
			files = (
			);
			runOnlyForDeploymentPostprocessing = 0;
		};
/* End PBXFrameworksBuildPhase section */

/* Begin PBXGroup section */
		CA3AAAB31A10D09A007DB6E2 = {
			isa = PBXGroup;
			children = (
				CA3AAABE1A10D09A007DB6E2 /* Tabledemo */,
				CA3AAAD41A10D09A007DB6E2 /* TabledemoTests */,
				CA3AAABD1A10D09A007DB6E2 /* Products */,
			);
			sourceTree = "<group>";
		};
		CA3AAABD1A10D09A007DB6E2 /* Products */ = {
			isa = PBXGroup;
			children = (
				CA3AAABC1A10D09A007DB6E2 /* Tabledemo.app */,
				CA3AAAD11A10D09A007DB6E2 /* TabledemoTests.xctest */,
			);
			name = Products;
			sourceTree = "<group>";
		};
		CA3AAABE1A10D09A007DB6E2 /* Tabledemo */ = {
			isa = PBXGroup;
			children = (
				CA3AAAC11A10D09A007DB6E2 /* AppDelegate.swift */,
				CA3AAAE11A10D131007DB6E2 /* MooieTable.swift */,
				CA3AAAC31A10D09A007DB6E2 /* ViewController.swift */,
				CA3AAAC51A10D09A007DB6E2 /* Main.storyboard */,
				CA3AAAC81A10D09A007DB6E2 /* Images.xcassets */,
				CA3AAACA1A10D09A007DB6E2 /* LaunchScreen.xib */,
				CA3AAABF1A10D09A007DB6E2 /* Supporting Files */,
			);
			path = Tabledemo;
			sourceTree = "<group>";
		};
		CA3AAABF1A10D09A007DB6E2 /* Supporting Files */ = {
			isa = PBXGroup;
			children = (
				CA3AAAC01A10D09A007DB6E2 /* Info.plist */,
			);
			name = "Supporting Files";
			sourceTree = "<group>";
		};
		CA3AAAD41A10D09A007DB6E2 /* TabledemoTests */ = {
			isa = PBXGroup;
			children = (
				CA3AAAD71A10D09A007DB6E2 /* TabledemoTests.swift */,
				CA3AAAD51A10D09A007DB6E2 /* Supporting Files */,
			);
			path = TabledemoTests;
			sourceTree = "<group>";
		};
		CA3AAAD51A10D09A007DB6E2 /* Supporting Files */ = {
			isa = PBXGroup;
			children = (
				CA3AAAD61A10D09A007DB6E2 /* Info.plist */,
			);
			name = "Supporting Files";
			sourceTree = "<group>";
		};
/* End PBXGroup section */

/* Begin PBXNativeTarget section */
		CA3AAABB1A10D09A007DB6E2 /* Tabledemo */ = {
			isa = PBXNativeTarget;
			buildConfigurationList = CA3AAADB1A10D09A007DB6E2 /* Build configuration list for PBXNativeTarget "Tabledemo" */;
			buildPhases = (
				CA3AAAB81A10D09A007DB6E2 /* Sources */,
				CA3AAAB91A10D09A007DB6E2 /* Frameworks */,
				CA3AAABA1A10D09A007DB6E2 /* Resources */,
			);
			buildRules = (
			);
			dependencies = (
			);
			name = Tabledemo;
			productName = Tabledemo;
			productReference = CA3AAABC1A10D09A007DB6E2 /* Tabledemo.app */;
			productType = "com.apple.product-type.application";
		};
		CA3AAAD01A10D09A007DB6E2 /* TabledemoTests */ = {
			isa = PBXNativeTarget;
			buildConfigurationList = CA3AAADE1A10D09A007DB6E2 /* Build configuration list for PBXNativeTarget "TabledemoTests" */;
			buildPhases = (
				CA3AAACD1A10D09A007DB6E2 /* Sources */,
				CA3AAACE1A10D09A007DB6E2 /* Frameworks */,
				CA3AAACF1A10D09A007DB6E2 /* Resources */,
			);
			buildRules = (
			);
			dependencies = (
				CA3AAAD31A10D09A007DB6E2 /* PBXTargetDependency */,
			);
			name = TabledemoTests;
			productName = TabledemoTests;
			productReference = CA3AAAD11A10D09A007DB6E2 /* TabledemoTests.xctest */;
			productType = "com.apple.product-type.bundle.unit-test";
		};
/* End PBXNativeTarget section */

/* Begin PBXProject section */
		CA3AAAB41A10D09A007DB6E2 /* Project object */ = {
			isa = PBXProject;
			attributes = {
				LastUpgradeCheck = 0610;
				ORGANIZATIONNAME = "Vooruit met";
				TargetAttributes = {
					CA3AAABB1A10D09A007DB6E2 = {
						CreatedOnToolsVersion = 6.1;
					};
					CA3AAAD01A10D09A007DB6E2 = {
						CreatedOnToolsVersion = 6.1;
						TestTargetID = CA3AAABB1A10D09A007DB6E2;
					};
				};
			};
			buildConfigurationList = CA3AAAB71A10D09A007DB6E2 /* Build configuration list for PBXProject "Tabledemo" */;
			compatibilityVersion = "Xcode 3.2";
			developmentRegion = English;
			hasScannedForEncodings = 0;
			knownRegions = (
				en,
				Base,
			);
			mainGroup = CA3AAAB31A10D09A007DB6E2;
			productRefGroup = CA3AAABD1A10D09A007DB6E2 /* Products */;
			projectDirPath = "";
			projectRoot = "";
			targets = (
				CA3AAABB1A10D09A007DB6E2 /* Tabledemo */,
				CA3AAAD01A10D09A007DB6E2 /* TabledemoTests */,
			);
		};
/* End PBXProject section */

/* Begin PBXResourcesBuildPhase section */
		CA3AAABA1A10D09A007DB6E2 /* Resources */ = {
			isa = PBXResourcesBuildPhase;
			buildActionMask = 2147483647;
			files = (
				CA3AAAC71A10D09A007DB6E2 /* Main.storyboard in Resources */,
				CA3AAACC1A10D09A007DB6E2 /* LaunchScreen.xib in Resources */,
				CA3AAAC91A10D09A007DB6E2 /* Images.xcassets in Resources */,
			);
			runOnlyForDeploymentPostprocessing = 0;
		};
		CA3AAACF1A10D09A007DB6E2 /* Resources */ = {
			isa = PBXResourcesBuildPhase;
			buildActionMask = 2147483647;
			files = (
			);
			runOnlyForDeploymentPostprocessing = 0;
		};
/* End PBXResourcesBuildPhase section */

/* Begin PBXSourcesBuildPhase section */
		CA3AAAB81A10D09A007DB6E2 /* Sources */ = {
			isa = PBXSourcesBuildPhase;
			buildActionMask = 2147483647;
			files = (
				CA3AAAE21A10D131007DB6E2 /* MooieTable.swift in Sources */,
				CA3AAAC41A10D09A007DB6E2 /* ViewController.swift in Sources */,
				CA3AAAC21A10D09A007DB6E2 /* AppDelegate.swift in Sources */,
			);
			runOnlyForDeploymentPostprocessing = 0;
		};
		CA3AAACD1A10D09A007DB6E2 /* Sources */ = {
			isa = PBXSourcesBuildPhase;
			buildActionMask = 2147483647;
			files = (
				CA3AAAD81A10D09A007DB6E2 /* TabledemoTests.swift in Sources */,
			);
			runOnlyForDeploymentPostprocessing = 0;
		};
/* End PBXSourcesBuildPhase section */

/* Begin PBXTargetDependency section */
		CA3AAAD31A10D09A007DB6E2 /* PBXTargetDependency */ = {
			isa = PBXTargetDependency;
			target = CA3AAABB1A10D09A007DB6E2 /* Tabledemo */;
			targetProxy = CA3AAAD21A10D09A007DB6E2 /* PBXContainerItemProxy */;
		};
/* End PBXTargetDependency section */

/* Begin PBXVariantGroup section */
		CA3AAAC51A10D09A007DB6E2 /* Main.storyboard */ = {
			isa = PBXVariantGroup;
			children = (
				CA3AAAC61A10D09A007DB6E2 /* Base */,
			);
			name = Main.storyboard;
			sourceTree = "<group>";
		};
		CA3AAACA1A10D09A007DB6E2 /* LaunchScreen.xib */ = {
			isa = PBXVariantGroup;
			children = (
				CA3AAACB1A10D09A007DB6E2 /* Base */,
			);
			name = LaunchScreen.xib;
			sourceTree = "<group>";
		};
/* End PBXVariantGroup section */

/* Begin XCBuildConfiguration section */
		CA3AAAD91A10D09A007DB6E2 /* Debug */ = {
			isa = XCBuildConfiguration;
			buildSettings = {
				ALWAYS_SEARCH_USER_PATHS = NO;
				CLANG_CXX_LANGUAGE_STANDARD = "gnu++0x";
				CLANG_CXX_LIBRARY = "libc++";
				CLANG_ENABLE_MODULES = YES;
				CLANG_ENABLE_OBJC_ARC = YES;
				CLANG_WARN_BOOL_CONVERSION = YES;
				CLANG_WARN_CONSTANT_CONVERSION = YES;
				CLANG_WARN_DIRECT_OBJC_ISA_USAGE = YES_ERROR;
				CLANG_WARN_EMPTY_BODY = YES;
				CLANG_WARN_ENUM_CONVERSION = YES;
				CLANG_WARN_INT_CONVERSION = YES;
				CLANG_WARN_OBJC_ROOT_CLASS = YES_ERROR;
				CLANG_WARN_UNREACHABLE_CODE = YES;
				CLANG_WARN__DUPLICATE_METHOD_MATCH = YES;
				"CODE_SIGN_IDENTITY[sdk=iphoneos*]" = "iPhone Developer";
				COPY_PHASE_STRIP = NO;
				ENABLE_STRICT_OBJC_MSGSEND = YES;
				GCC_C_LANGUAGE_STANDARD = gnu99;
				GCC_DYNAMIC_NO_PIC = NO;
				GCC_OPTIMIZATION_LEVEL = 0;
				GCC_PREPROCESSOR_DEFINITIONS = (
					"DEBUG=1",
					"$(inherited)",
				);
				GCC_SYMBOLS_PRIVATE_EXTERN = NO;
				GCC_WARN_64_TO_32_BIT_CONVERSION = YES;
				GCC_WARN_ABOUT_RETURN_TYPE = YES_ERROR;
				GCC_WARN_UNDECLARED_SELECTOR = YES;
				GCC_WARN_UNINITIALIZED_AUTOS = YES_AGGRESSIVE;
				GCC_WARN_UNUSED_FUNCTION = YES;
				GCC_WARN_UNUSED_VARIABLE = YES;
				IPHONEOS_DEPLOYMENT_TARGET = 8.1;
				MTL_ENABLE_DEBUG_INFO = YES;
				ONLY_ACTIVE_ARCH = YES;
				SDKROOT = iphoneos;
				SWIFT_OPTIMIZATION_LEVEL = "-Onone";
				TARGETED_DEVICE_FAMILY = 2;
			};
			name = Debug;
		};
		CA3AAADA1A10D09A007DB6E2 /* Release */ = {
			isa = XCBuildConfiguration;
			buildSettings = {
				ALWAYS_SEARCH_USER_PATHS = NO;
				CLANG_CXX_LANGUAGE_STANDARD = "gnu++0x";
				CLANG_CXX_LIBRARY = "libc++";
				CLANG_ENABLE_MODULES = YES;
				CLANG_ENABLE_OBJC_ARC = YES;
				CLANG_WARN_BOOL_CONVERSION = YES;
				CLANG_WARN_CONSTANT_CONVERSION = YES;
				CLANG_WARN_DIRECT_OBJC_ISA_USAGE = YES_ERROR;
				CLANG_WARN_EMPTY_BODY = YES;
				CLANG_WARN_ENUM_CONVERSION = YES;
				CLANG_WARN_INT_CONVERSION = YES;
				CLANG_WARN_OBJC_ROOT_CLASS = YES_ERROR;
				CLANG_WARN_UNREACHABLE_CODE = YES;
				CLANG_WARN__DUPLICATE_METHOD_MATCH = YES;
				"CODE_SIGN_IDENTITY[sdk=iphoneos*]" = "iPhone Developer";
				COPY_PHASE_STRIP = YES;
				ENABLE_NS_ASSERTIONS = NO;
				ENABLE_STRICT_OBJC_MSGSEND = YES;
				GCC_C_LANGUAGE_STANDARD = gnu99;
				GCC_WARN_64_TO_32_BIT_CONVERSION = YES;
				GCC_WARN_ABOUT_RETURN_TYPE = YES_ERROR;
				GCC_WARN_UNDECLARED_SELECTOR = YES;
				GCC_WARN_UNINITIALIZED_AUTOS = YES_AGGRESSIVE;
				GCC_WARN_UNUSED_FUNCTION = YES;
				GCC_WARN_UNUSED_VARIABLE = YES;
				IPHONEOS_DEPLOYMENT_TARGET = 8.1;
				MTL_ENABLE_DEBUG_INFO = NO;
				SDKROOT = iphoneos;
				TARGETED_DEVICE_FAMILY = 2;
				VALIDATE_PRODUCT = YES;
			};
			name = Release;
		};
		CA3AAADC1A10D09A007DB6E2 /* Debug */ = {
			isa = XCBuildConfiguration;
			buildSettings = {
				ASSETCATALOG_COMPILER_APPICON_NAME = AppIcon;
				INFOPLIST_FILE = Tabledemo/Info.plist;
				LD_RUNPATH_SEARCH_PATHS = "$(inherited) @executable_path/Frameworks";
				PRODUCT_NAME = "$(TARGET_NAME)";
			};
			name = Debug;
		};
		CA3AAADD1A10D09A007DB6E2 /* Release */ = {
			isa = XCBuildConfiguration;
			buildSettings = {
				ASSETCATALOG_COMPILER_APPICON_NAME = AppIcon;
				INFOPLIST_FILE = Tabledemo/Info.plist;
				LD_RUNPATH_SEARCH_PATHS = "$(inherited) @executable_path/Frameworks";
				PRODUCT_NAME = "$(TARGET_NAME)";
			};
			name = Release;
		};
		CA3AAADF1A10D09A007DB6E2 /* Debug */ = {
			isa = XCBuildConfiguration;
			buildSettings = {
				BUNDLE_LOADER = "$(TEST_HOST)";
				FRAMEWORK_SEARCH_PATHS = (
					"$(SDKROOT)/Developer/Library/Frameworks",
					"$(inherited)",
				);
				GCC_PREPROCESSOR_DEFINITIONS = (
					"DEBUG=1",
					"$(inherited)",
				);
				INFOPLIST_FILE = TabledemoTests/Info.plist;
				LD_RUNPATH_SEARCH_PATHS = "$(inherited) @executable_path/Frameworks @loader_path/Frameworks";
				PRODUCT_NAME = "$(TARGET_NAME)";
				TEST_HOST = "$(BUILT_PRODUCTS_DIR)/Tabledemo.app/Tabledemo";
			};
			name = Debug;
		};
		CA3AAAE01A10D09A007DB6E2 /* Release */ = {
			isa = XCBuildConfiguration;
			buildSettings = {
				BUNDLE_LOADER = "$(TEST_HOST)";
				FRAMEWORK_SEARCH_PATHS = (
					"$(SDKROOT)/Developer/Library/Frameworks",
					"$(inherited)",
				);
				INFOPLIST_FILE = TabledemoTests/Info.plist;
				LD_RUNPATH_SEARCH_PATHS = "$(inherited) @executable_path/Frameworks @loader_path/Frameworks";
				PRODUCT_NAME = "$(TARGET_NAME)";
				TEST_HOST = "$(BUILT_PRODUCTS_DIR)/Tabledemo.app/Tabledemo";
			};
			name = Release;
		};
/* End XCBuildConfiguration section */

/* Begin XCConfigurationList section */
		CA3AAAB71A10D09A007DB6E2 /* Build configuration list for PBXProject "Tabledemo" */ = {
			isa = XCConfigurationList;
			buildConfigurations = (
				CA3AAAD91A10D09A007DB6E2 /* Debug */,
				CA3AAADA1A10D09A007DB6E2 /* Release */,
			);
			defaultConfigurationIsVisible = 0;
			defaultConfigurationName = Release;
		};
		CA3AAADB1A10D09A007DB6E2 /* Build configuration list for PBXNativeTarget "Tabledemo" */ = {
			isa = XCConfigurationList;
			buildConfigurations = (
				CA3AAADC1A10D09A007DB6E2 /* Debug */,
				CA3AAADD1A10D09A007DB6E2 /* Release */,
			);
			defaultConfigurationIsVisible = 0;
		};
		CA3AAADE1A10D09A007DB6E2 /* Build configuration list for PBXNativeTarget "TabledemoTests" */ = {
			isa = XCConfigurationList;
			buildConfigurations = (
				CA3AAADF1A10D09A007DB6E2 /* Debug */,
				CA3AAAE01A10D09A007DB6E2 /* Release */,
			);
			defaultConfigurationIsVisible = 0;
		};
/* End XCConfigurationList section */
	};
	rootObject = CA3AAAB41A10D09A007DB6E2 /* Project object */;
}
