// !$*UTF8*$!
{
	archiveVersion = 1;
	classes = {
	};
	objectVersion = 46;
	objects = {

/* Begin PBXBuildFile section */
		CAD2C1181A0111B10010C028 /* AppDelegate.swift in Sources */ = {isa = PBXBuildFile; fileRef = CAD2C1171A0111B10010C028 /* AppDelegate.swift */; };
		CAD2C11A1A0111B10010C028 /* ViewController.swift in Sources */ = {isa = PBXBuildFile; fileRef = CAD2C1191A0111B10010C028 /* ViewController.swift */; };
		CAD2C11D1A0111B10010C028 /* Main.storyboard in Resources */ = {isa = PBXBuildFile; fileRef = CAD2C11B1A0111B10010C028 /* Main.storyboard */; };
		CAD2C11F1A0111B10010C028 /* Images.xcassets in Resources */ = {isa = PBXBuildFile; fileRef = CAD2C11E1A0111B10010C028 /* Images.xcassets */; };
		CAD2C1221A0111B10010C028 /* LaunchScreen.xib in Resources */ = {isa = PBXBuildFile; fileRef = CAD2C1201A0111B10010C028 /* LaunchScreen.xib */; };
		CAD2C12E1A0111B10010C028 /* ViewDemoTests.swift in Sources */ = {isa = PBXBuildFile; fileRef = CAD2C12D1A0111B10010C028 /* ViewDemoTests.swift */; };
/* End PBXBuildFile section */

/* Begin PBXContainerItemProxy section */
		CAD2C1281A0111B10010C028 /* PBXContainerItemProxy */ = {
			isa = PBXContainerItemProxy;
			containerPortal = CAD2C10A1A0111B10010C028 /* Project object */;
			proxyType = 1;
			remoteGlobalIDString = CAD2C1111A0111B10010C028;
			remoteInfo = ViewDemo;
		};
/* End PBXContainerItemProxy section */

/* Begin PBXFileReference section */
		CAD2C1121A0111B10010C028 /* ViewDemo.app */ = {isa = PBXFileReference; explicitFileType = wrapper.application; includeInIndex = 0; path = ViewDemo.app; sourceTree = BUILT_PRODUCTS_DIR; };
		CAD2C1161A0111B10010C028 /* Info.plist */ = {isa = PBXFileReference; lastKnownFileType = text.plist.xml; path = Info.plist; sourceTree = "<group>"; };
		CAD2C1171A0111B10010C028 /* AppDelegate.swift */ = {isa = PBXFileReference; lastKnownFileType = sourcecode.swift; path = AppDelegate.swift; sourceTree = "<group>"; };
		CAD2C1191A0111B10010C028 /* ViewController.swift */ = {isa = PBXFileReference; lastKnownFileType = sourcecode.swift; path = ViewController.swift; sourceTree = "<group>"; };
		CAD2C11C1A0111B10010C028 /* Base */ = {isa = PBXFileReference; lastKnownFileType = file.storyboard; name = Base; path = Base.lproj/Main.storyboard; sourceTree = "<group>"; };
		CAD2C11E1A0111B10010C028 /* Images.xcassets */ = {isa = PBXFileReference; lastKnownFileType = folder.assetcatalog; path = Images.xcassets; sourceTree = "<group>"; };
		CAD2C1211A0111B10010C028 /* Base */ = {isa = PBXFileReference; lastKnownFileType = file.xib; name = Base; path = Base.lproj/LaunchScreen.xib; sourceTree = "<group>"; };
		CAD2C1271A0111B10010C028 /* ViewDemoTests.xctest */ = {isa = PBXFileReference; explicitFileType = wrapper.cfbundle; includeInIndex = 0; path = ViewDemoTests.xctest; sourceTree = BUILT_PRODUCTS_DIR; };
		CAD2C12C1A0111B10010C028 /* Info.plist */ = {isa = PBXFileReference; lastKnownFileType = text.plist.xml; path = Info.plist; sourceTree = "<group>"; };
		CAD2C12D1A0111B10010C028 /* ViewDemoTests.swift */ = {isa = PBXFileReference; lastKnownFileType = sourcecode.swift; path = ViewDemoTests.swift; sourceTree = "<group>"; };
/* End PBXFileReference section */

/* Begin PBXFrameworksBuildPhase section */
		CAD2C10F1A0111B10010C028 /* Frameworks */ = {
			isa = PBXFrameworksBuildPhase;
			buildActionMask = 2147483647;
			files = (
			);
			runOnlyForDeploymentPostprocessing = 0;
		};
		CAD2C1241A0111B10010C028 /* Frameworks */ = {
			isa = PBXFrameworksBuildPhase;
			buildActionMask = 2147483647;
			files = (
			);
			runOnlyForDeploymentPostprocessing = 0;
		};
/* End PBXFrameworksBuildPhase section */

/* Begin PBXGroup section */
		CAD2C1091A0111B10010C028 = {
			isa = PBXGroup;
			children = (
				CAD2C1141A0111B10010C028 /* ViewDemo */,
				CAD2C12A1A0111B10010C028 /* ViewDemoTests */,
				CAD2C1131A0111B10010C028 /* Products */,
			);
			sourceTree = "<group>";
		};
		CAD2C1131A0111B10010C028 /* Products */ = {
			isa = PBXGroup;
			children = (
				CAD2C1121A0111B10010C028 /* ViewDemo.app */,
				CAD2C1271A0111B10010C028 /* ViewDemoTests.xctest */,
			);
			name = Products;
			sourceTree = "<group>";
		};
		CAD2C1141A0111B10010C028 /* ViewDemo */ = {
			isa = PBXGroup;
			children = (
				CAD2C1171A0111B10010C028 /* AppDelegate.swift */,
				CAD2C1191A0111B10010C028 /* ViewController.swift */,
				CAD2C11B1A0111B10010C028 /* Main.storyboard */,
				CAD2C11E1A0111B10010C028 /* Images.xcassets */,
				CAD2C1201A0111B10010C028 /* LaunchScreen.xib */,
				CAD2C1151A0111B10010C028 /* Supporting Files */,
			);
			path = ViewDemo;
			sourceTree = "<group>";
		};
		CAD2C1151A0111B10010C028 /* Supporting Files */ = {
			isa = PBXGroup;
			children = (
				CAD2C1161A0111B10010C028 /* Info.plist */,
			);
			name = "Supporting Files";
			sourceTree = "<group>";
		};
		CAD2C12A1A0111B10010C028 /* ViewDemoTests */ = {
			isa = PBXGroup;
			children = (
				CAD2C12D1A0111B10010C028 /* ViewDemoTests.swift */,
				CAD2C12B1A0111B10010C028 /* Supporting Files */,
			);
			path = ViewDemoTests;
			sourceTree = "<group>";
		};
		CAD2C12B1A0111B10010C028 /* Supporting Files */ = {
			isa = PBXGroup;
			children = (
				CAD2C12C1A0111B10010C028 /* Info.plist */,
			);
			name = "Supporting Files";
			sourceTree = "<group>";
		};
/* End PBXGroup section */

/* Begin PBXNativeTarget section */
		CAD2C1111A0111B10010C028 /* ViewDemo */ = {
			isa = PBXNativeTarget;
			buildConfigurationList = CAD2C1311A0111B10010C028 /* Build configuration list for PBXNativeTarget "ViewDemo" */;
			buildPhases = (
				CAD2C10E1A0111B10010C028 /* Sources */,
				CAD2C10F1A0111B10010C028 /* Frameworks */,
				CAD2C1101A0111B10010C028 /* Resources */,
			);
			buildRules = (
			);
			dependencies = (
			);
			name = ViewDemo;
			productName = ViewDemo;
			productReference = CAD2C1121A0111B10010C028 /* ViewDemo.app */;
			productType = "com.apple.product-type.application";
		};
		CAD2C1261A0111B10010C028 /* ViewDemoTests */ = {
			isa = PBXNativeTarget;
			buildConfigurationList = CAD2C1341A0111B10010C028 /* Build configuration list for PBXNativeTarget "ViewDemoTests" */;
			buildPhases = (
				CAD2C1231A0111B10010C028 /* Sources */,
				CAD2C1241A0111B10010C028 /* Frameworks */,
				CAD2C1251A0111B10010C028 /* Resources */,
			);
			buildRules = (
			);
			dependencies = (
				CAD2C1291A0111B10010C028 /* PBXTargetDependency */,
			);
			name = ViewDemoTests;
			productName = ViewDemoTests;
			productReference = CAD2C1271A0111B10010C028 /* ViewDemoTests.xctest */;
			productType = "com.apple.product-type.bundle.unit-test";
		};
/* End PBXNativeTarget section */

/* Begin PBXProject section */
		CAD2C10A1A0111B10010C028 /* Project object */ = {
			isa = PBXProject;
			attributes = {
				LastUpgradeCheck = 0610;
				ORGANIZATIONNAME = "Vooruit met";
				TargetAttributes = {
					CAD2C1111A0111B10010C028 = {
						CreatedOnToolsVersion = 6.1;
					};
					CAD2C1261A0111B10010C028 = {
						CreatedOnToolsVersion = 6.1;
						TestTargetID = CAD2C1111A0111B10010C028;
					};
				};
			};
			buildConfigurationList = CAD2C10D1A0111B10010C028 /* Build configuration list for PBXProject "ViewDemo" */;
			compatibilityVersion = "Xcode 3.2";
			developmentRegion = English;
			hasScannedForEncodings = 0;
			knownRegions = (
				en,
				Base,
			);
			mainGroup = CAD2C1091A0111B10010C028;
			productRefGroup = CAD2C1131A0111B10010C028 /* Products */;
			projectDirPath = "";
			projectRoot = "";
			targets = (
				CAD2C1111A0111B10010C028 /* ViewDemo */,
				CAD2C1261A0111B10010C028 /* ViewDemoTests */,
			);
		};
/* End PBXProject section */

/* Begin PBXResourcesBuildPhase section */
		CAD2C1101A0111B10010C028 /* Resources */ = {
			isa = PBXResourcesBuildPhase;
			buildActionMask = 2147483647;
			files = (
				CAD2C11D1A0111B10010C028 /* Main.storyboard in Resources */,
				CAD2C1221A0111B10010C028 /* LaunchScreen.xib in Resources */,
				CAD2C11F1A0111B10010C028 /* Images.xcassets in Resources */,
			);
			runOnlyForDeploymentPostprocessing = 0;
		};
		CAD2C1251A0111B10010C028 /* Resources */ = {
			isa = PBXResourcesBuildPhase;
			buildActionMask = 2147483647;
			files = (
			);
			runOnlyForDeploymentPostprocessing = 0;
		};
/* End PBXResourcesBuildPhase section */

/* Begin PBXSourcesBuildPhase section */
		CAD2C10E1A0111B10010C028 /* Sources */ = {
			isa = PBXSourcesBuildPhase;
			buildActionMask = 2147483647;
			files = (
				CAD2C11A1A0111B10010C028 /* ViewController.swift in Sources */,
				CAD2C1181A0111B10010C028 /* AppDelegate.swift in Sources */,
			);
			runOnlyForDeploymentPostprocessing = 0;
		};
		CAD2C1231A0111B10010C028 /* Sources */ = {
			isa = PBXSourcesBuildPhase;
			buildActionMask = 2147483647;
			files = (
				CAD2C12E1A0111B10010C028 /* ViewDemoTests.swift in Sources */,
			);
			runOnlyForDeploymentPostprocessing = 0;
		};
/* End PBXSourcesBuildPhase section */

/* Begin PBXTargetDependency section */
		CAD2C1291A0111B10010C028 /* PBXTargetDependency */ = {
			isa = PBXTargetDependency;
			target = CAD2C1111A0111B10010C028 /* ViewDemo */;
			targetProxy = CAD2C1281A0111B10010C028 /* PBXContainerItemProxy */;
		};
/* End PBXTargetDependency section */

/* Begin PBXVariantGroup section */
		CAD2C11B1A0111B10010C028 /* Main.storyboard */ = {
			isa = PBXVariantGroup;
			children = (
				CAD2C11C1A0111B10010C028 /* Base */,
			);
			name = Main.storyboard;
			sourceTree = "<group>";
		};
		CAD2C1201A0111B10010C028 /* LaunchScreen.xib */ = {
			isa = PBXVariantGroup;
			children = (
				CAD2C1211A0111B10010C028 /* Base */,
			);
			name = LaunchScreen.xib;
			sourceTree = "<group>";
		};
/* End PBXVariantGroup section */

/* Begin XCBuildConfiguration section */
		CAD2C12F1A0111B10010C028 /* Debug */ = {
			isa = XCBuildConfiguration;
			buildSettings = {
				ALWAYS_SEARCH_USER_PATHS = NO;
				CLANG_CXX_LANGUAGE_STANDARD = "gnu++0x";
				CLANG_CXX_LIBRARY = "libc++";
				CLANG_ENABLE_MODULES = YES;
				CLANG_ENABLE_OBJC_ARC = YES;
				CLANG_WARN_BOOL_CONVERSION = YES;
				CLANG_WARN_CONSTANT_CONVERSION = YES;
				CLANG_WARN_DIRECT_OBJC_ISA_USAGE = YES_ERROR;
				CLANG_WARN_EMPTY_BODY = YES;
				CLANG_WARN_ENUM_CONVERSION = YES;
				CLANG_WARN_INT_CONVERSION = YES;
				CLANG_WARN_OBJC_ROOT_CLASS = YES_ERROR;
				CLANG_WARN_UNREACHABLE_CODE = YES;
				CLANG_WARN__DUPLICATE_METHOD_MATCH = YES;
				"CODE_SIGN_IDENTITY[sdk=iphoneos*]" = "iPhone Developer";
				COPY_PHASE_STRIP = NO;
				ENABLE_STRICT_OBJC_MSGSEND = YES;
				GCC_C_LANGUAGE_STANDARD = gnu99;
				GCC_DYNAMIC_NO_PIC = NO;
				GCC_OPTIMIZATION_LEVEL = 0;
				GCC_PREPROCESSOR_DEFINITIONS = (
					"DEBUG=1",
					"$(inherited)",
				);
				GCC_SYMBOLS_PRIVATE_EXTERN = NO;
				GCC_WARN_64_TO_32_BIT_CONVERSION = YES;
				GCC_WARN_ABOUT_RETURN_TYPE = YES_ERROR;
				GCC_WARN_UNDECLARED_SELECTOR = YES;
				GCC_WARN_UNINITIALIZED_AUTOS = YES_AGGRESSIVE;
				GCC_WARN_UNUSED_FUNCTION = YES;
				GCC_WARN_UNUSED_VARIABLE = YES;
				IPHONEOS_DEPLOYMENT_TARGET = 8.1;
				MTL_ENABLE_DEBUG_INFO = YES;
				ONLY_ACTIVE_ARCH = YES;
				SDKROOT = iphoneos;
				SWIFT_OPTIMIZATION_LEVEL = "-Onone";
				TARGETED_DEVICE_FAMILY = 2;
			};
			name = Debug;
		};
		CAD2C1301A0111B10010C028 /* Release */ = {
			isa = XCBuildConfiguration;
			buildSettings = {
				ALWAYS_SEARCH_USER_PATHS = NO;
				CLANG_CXX_LANGUAGE_STANDARD = "gnu++0x";
				CLANG_CXX_LIBRARY = "libc++";
				CLANG_ENABLE_MODULES = YES;
				CLANG_ENABLE_OBJC_ARC = YES;
				CLANG_WARN_BOOL_CONVERSION = YES;
				CLANG_WARN_CONSTANT_CONVERSION = YES;
				CLANG_WARN_DIRECT_OBJC_ISA_USAGE = YES_ERROR;
				CLANG_WARN_EMPTY_BODY = YES;
				CLANG_WARN_ENUM_CONVERSION = YES;
				CLANG_WARN_INT_CONVERSION = YES;
				CLANG_WARN_OBJC_ROOT_CLASS = YES_ERROR;
				CLANG_WARN_UNREACHABLE_CODE = YES;
				CLANG_WARN__DUPLICATE_METHOD_MATCH = YES;
				"CODE_SIGN_IDENTITY[sdk=iphoneos*]" = "iPhone Developer";
				COPY_PHASE_STRIP = YES;
				ENABLE_NS_ASSERTIONS = NO;
				ENABLE_STRICT_OBJC_MSGSEND = YES;
				GCC_C_LANGUAGE_STANDARD = gnu99;
				GCC_WARN_64_TO_32_BIT_CONVERSION = YES;
				GCC_WARN_ABOUT_RETURN_TYPE = YES_ERROR;
				GCC_WARN_UNDECLARED_SELECTOR = YES;
				GCC_WARN_UNINITIALIZED_AUTOS = YES_AGGRESSIVE;
				GCC_WARN_UNUSED_FUNCTION = YES;
				GCC_WARN_UNUSED_VARIABLE = YES;
				IPHONEOS_DEPLOYMENT_TARGET = 8.1;
				MTL_ENABLE_DEBUG_INFO = NO;
				SDKROOT = iphoneos;
				TARGETED_DEVICE_FAMILY = 2;
				VALIDATE_PRODUCT = YES;
			};
			name = Release;
		};
		CAD2C1321A0111B10010C028 /* Debug */ = {
			isa = XCBuildConfiguration;
			buildSettings = {
				ASSETCATALOG_COMPILER_APPICON_NAME = AppIcon;
				INFOPLIST_FILE = ViewDemo/Info.plist;
				LD_RUNPATH_SEARCH_PATHS = "$(inherited) @executable_path/Frameworks";
				PRODUCT_NAME = "$(TARGET_NAME)";
			};
			name = Debug;
		};
		CAD2C1331A0111B10010C028 /* Release */ = {
			isa = XCBuildConfiguration;
			buildSettings = {
				ASSETCATALOG_COMPILER_APPICON_NAME = AppIcon;
				INFOPLIST_FILE = ViewDemo/Info.plist;
				LD_RUNPATH_SEARCH_PATHS = "$(inherited) @executable_path/Frameworks";
				PRODUCT_NAME = "$(TARGET_NAME)";
			};
			name = Release;
		};
		CAD2C1351A0111B10010C028 /* Debug */ = {
			isa = XCBuildConfiguration;
			buildSettings = {
				BUNDLE_LOADER = "$(TEST_HOST)";
				FRAMEWORK_SEARCH_PATHS = (
					"$(SDKROOT)/Developer/Library/Frameworks",
					"$(inherited)",
				);
				GCC_PREPROCESSOR_DEFINITIONS = (
					"DEBUG=1",
					"$(inherited)",
				);
				INFOPLIST_FILE = ViewDemoTests/Info.plist;
				LD_RUNPATH_SEARCH_PATHS = "$(inherited) @executable_path/Frameworks @loader_path/Frameworks";
				PRODUCT_NAME = "$(TARGET_NAME)";
				TEST_HOST = "$(BUILT_PRODUCTS_DIR)/ViewDemo.app/ViewDemo";
			};
			name = Debug;
		};
		CAD2C1361A0111B10010C028 /* Release */ = {
			isa = XCBuildConfiguration;
			buildSettings = {
				BUNDLE_LOADER = "$(TEST_HOST)";
				FRAMEWORK_SEARCH_PATHS = (
					"$(SDKROOT)/Developer/Library/Frameworks",
					"$(inherited)",
				);
				INFOPLIST_FILE = ViewDemoTests/Info.plist;
				LD_RUNPATH_SEARCH_PATHS = "$(inherited) @executable_path/Frameworks @loader_path/Frameworks";
				PRODUCT_NAME = "$(TARGET_NAME)";
				TEST_HOST = "$(BUILT_PRODUCTS_DIR)/ViewDemo.app/ViewDemo";
			};
			name = Release;
		};
/* End XCBuildConfiguration section */

/* Begin XCConfigurationList section */
		CAD2C10D1A0111B10010C028 /* Build configuration list for PBXProject "ViewDemo" */ = {
			isa = XCConfigurationList;
			buildConfigurations = (
				CAD2C12F1A0111B10010C028 /* Debug */,
				CAD2C1301A0111B10010C028 /* Release */,
			);
			defaultConfigurationIsVisible = 0;
			defaultConfigurationName = Release;
		};
		CAD2C1311A0111B10010C028 /* Build configuration list for PBXNativeTarget "ViewDemo" */ = {
			isa = XCConfigurationList;
			buildConfigurations = (
				CAD2C1321A0111B10010C028 /* Debug */,
				CAD2C1331A0111B10010C028 /* Release */,
			);
			defaultConfigurationIsVisible = 0;
		};
		CAD2C1341A0111B10010C028 /* Build configuration list for PBXNativeTarget "ViewDemoTests" */ = {
			isa = XCConfigurationList;
			buildConfigurations = (
				CAD2C1351A0111B10010C028 /* Debug */,
				CAD2C1361A0111B10010C028 /* Release */,
			);
			defaultConfigurationIsVisible = 0;
		};
/* End XCConfigurationList section */
	};
	rootObject = CAD2C10A1A0111B10010C028 /* Project object */;
}
