// !$*UTF8*$!
{
	archiveVersion = 1;
	classes = {
	};
	objectVersion = 46;
	objects = {

/* Begin PBXBuildFile section */
		CA17E67219CAF81700269027 /* AppDelegate.swift in Sources */ = {isa = PBXBuildFile; fileRef = CA17E67119CAF81700269027 /* AppDelegate.swift */; };
		CA17E67419CAF81700269027 /* ViewController.swift in Sources */ = {isa = PBXBuildFile; fileRef = CA17E67319CAF81700269027 /* ViewController.swift */; };
		CA17E67719CAF81700269027 /* Main.storyboard in Resources */ = {isa = PBXBuildFile; fileRef = CA17E67519CAF81700269027 /* Main.storyboard */; };
		CA17E67919CAF81700269027 /* Images.xcassets in Resources */ = {isa = PBXBuildFile; fileRef = CA17E67819CAF81700269027 /* Images.xcassets */; };
		CA17E67C19CAF81700269027 /* LaunchScreen.xib in Resources */ = {isa = PBXBuildFile; fileRef = CA17E67A19CAF81700269027 /* LaunchScreen.xib */; };
		CA17E68819CAF81700269027 /* KnopjesTests.swift in Sources */ = {isa = PBXBuildFile; fileRef = CA17E68719CAF81700269027 /* KnopjesTests.swift */; };
/* End PBXBuildFile section */

/* Begin PBXContainerItemProxy section */
		CA17E68219CAF81700269027 /* PBXContainerItemProxy */ = {
			isa = PBXContainerItemProxy;
			containerPortal = CA17E66419CAF81700269027 /* Project object */;
			proxyType = 1;
			remoteGlobalIDString = CA17E66B19CAF81700269027;
			remoteInfo = Knopjes;
		};
/* End PBXContainerItemProxy section */

/* Begin PBXFileReference section */
		CA17E66C19CAF81700269027 /* Knopjes.app */ = {isa = PBXFileReference; explicitFileType = wrapper.application; includeInIndex = 0; path = Knopjes.app; sourceTree = BUILT_PRODUCTS_DIR; };
		CA17E67019CAF81700269027 /* Info.plist */ = {isa = PBXFileReference; lastKnownFileType = text.plist.xml; path = Info.plist; sourceTree = "<group>"; };
		CA17E67119CAF81700269027 /* AppDelegate.swift */ = {isa = PBXFileReference; lastKnownFileType = sourcecode.swift; path = AppDelegate.swift; sourceTree = "<group>"; };
		CA17E67319CAF81700269027 /* ViewController.swift */ = {isa = PBXFileReference; lastKnownFileType = sourcecode.swift; path = ViewController.swift; sourceTree = "<group>"; };
		CA17E67619CAF81700269027 /* Base */ = {isa = PBXFileReference; lastKnownFileType = file.storyboard; name = Base; path = Base.lproj/Main.storyboard; sourceTree = "<group>"; };
		CA17E67819CAF81700269027 /* Images.xcassets */ = {isa = PBXFileReference; lastKnownFileType = folder.assetcatalog; path = Images.xcassets; sourceTree = "<group>"; };
		CA17E67B19CAF81700269027 /* Base */ = {isa = PBXFileReference; lastKnownFileType = file.xib; name = Base; path = Base.lproj/LaunchScreen.xib; sourceTree = "<group>"; };
		CA17E68119CAF81700269027 /* KnopjesTests.xctest */ = {isa = PBXFileReference; explicitFileType = wrapper.cfbundle; includeInIndex = 0; path = KnopjesTests.xctest; sourceTree = BUILT_PRODUCTS_DIR; };
		CA17E68619CAF81700269027 /* Info.plist */ = {isa = PBXFileReference; lastKnownFileType = text.plist.xml; path = Info.plist; sourceTree = "<group>"; };
		CA17E68719CAF81700269027 /* KnopjesTests.swift */ = {isa = PBXFileReference; lastKnownFileType = sourcecode.swift; path = KnopjesTests.swift; sourceTree = "<group>"; };
/* End PBXFileReference section */

/* Begin PBXFrameworksBuildPhase section */
		CA17E66919CAF81700269027 /* Frameworks */ = {
			isa = PBXFrameworksBuildPhase;
			buildActionMask = 2147483647;
			files = (
			);
			runOnlyForDeploymentPostprocessing = 0;
		};
		CA17E67E19CAF81700269027 /* Frameworks */ = {
			isa = PBXFrameworksBuildPhase;
			buildActionMask = 2147483647;
			files = (
			);
			runOnlyForDeploymentPostprocessing = 0;
		};
/* End PBXFrameworksBuildPhase section */

/* Begin PBXGroup section */
		CA17E66319CAF81700269027 = {
			isa = PBXGroup;
			children = (
				CA17E66E19CAF81700269027 /* Knopjes */,
				CA17E68419CAF81700269027 /* KnopjesTests */,
				CA17E66D19CAF81700269027 /* Products */,
			);
			sourceTree = "<group>";
		};
		CA17E66D19CAF81700269027 /* Products */ = {
			isa = PBXGroup;
			children = (
				CA17E66C19CAF81700269027 /* Knopjes.app */,
				CA17E68119CAF81700269027 /* KnopjesTests.xctest */,
			);
			name = Products;
			sourceTree = "<group>";
		};
		CA17E66E19CAF81700269027 /* Knopjes */ = {
			isa = PBXGroup;
			children = (
				CA17E67119CAF81700269027 /* AppDelegate.swift */,
				CA17E67319CAF81700269027 /* ViewController.swift */,
				CA17E67519CAF81700269027 /* Main.storyboard */,
				CA17E67819CAF81700269027 /* Images.xcassets */,
				CA17E67A19CAF81700269027 /* LaunchScreen.xib */,
				CA17E66F19CAF81700269027 /* Supporting Files */,
			);
			path = Knopjes;
			sourceTree = "<group>";
		};
		CA17E66F19CAF81700269027 /* Supporting Files */ = {
			isa = PBXGroup;
			children = (
				CA17E67019CAF81700269027 /* Info.plist */,
			);
			name = "Supporting Files";
			sourceTree = "<group>";
		};
		CA17E68419CAF81700269027 /* KnopjesTests */ = {
			isa = PBXGroup;
			children = (
				CA17E68719CAF81700269027 /* KnopjesTests.swift */,
				CA17E68519CAF81700269027 /* Supporting Files */,
			);
			path = KnopjesTests;
			sourceTree = "<group>";
		};
		CA17E68519CAF81700269027 /* Supporting Files */ = {
			isa = PBXGroup;
			children = (
				CA17E68619CAF81700269027 /* Info.plist */,
			);
			name = "Supporting Files";
			sourceTree = "<group>";
		};
/* End PBXGroup section */

/* Begin PBXNativeTarget section */
		CA17E66B19CAF81700269027 /* Knopjes */ = {
			isa = PBXNativeTarget;
			buildConfigurationList = CA17E68B19CAF81700269027 /* Build configuration list for PBXNativeTarget "Knopjes" */;
			buildPhases = (
				CA17E66819CAF81700269027 /* Sources */,
				CA17E66919CAF81700269027 /* Frameworks */,
				CA17E66A19CAF81700269027 /* Resources */,
			);
			buildRules = (
			);
			dependencies = (
			);
			name = Knopjes;
			productName = Knopjes;
			productReference = CA17E66C19CAF81700269027 /* Knopjes.app */;
			productType = "com.apple.product-type.application";
		};
		CA17E68019CAF81700269027 /* KnopjesTests */ = {
			isa = PBXNativeTarget;
			buildConfigurationList = CA17E68E19CAF81700269027 /* Build configuration list for PBXNativeTarget "KnopjesTests" */;
			buildPhases = (
				CA17E67D19CAF81700269027 /* Sources */,
				CA17E67E19CAF81700269027 /* Frameworks */,
				CA17E67F19CAF81700269027 /* Resources */,
			);
			buildRules = (
			);
			dependencies = (
				CA17E68319CAF81700269027 /* PBXTargetDependency */,
			);
			name = KnopjesTests;
			productName = KnopjesTests;
			productReference = CA17E68119CAF81700269027 /* KnopjesTests.xctest */;
			productType = "com.apple.product-type.bundle.unit-test";
		};
/* End PBXNativeTarget section */

/* Begin PBXProject section */
		CA17E66419CAF81700269027 /* Project object */ = {
			isa = PBXProject;
			attributes = {
				LastUpgradeCheck = 0600;
				ORGANIZATIONNAME = "NHL Hogeschool";
				TargetAttributes = {
					CA17E66B19CAF81700269027 = {
						CreatedOnToolsVersion = 6.0;
					};
					CA17E68019CAF81700269027 = {
						CreatedOnToolsVersion = 6.0;
						TestTargetID = CA17E66B19CAF81700269027;
					};
				};
			};
			buildConfigurationList = CA17E66719CAF81700269027 /* Build configuration list for PBXProject "Knopjes" */;
			compatibilityVersion = "Xcode 3.2";
			developmentRegion = English;
			hasScannedForEncodings = 0;
			knownRegions = (
				en,
				Base,
			);
			mainGroup = CA17E66319CAF81700269027;
			productRefGroup = CA17E66D19CAF81700269027 /* Products */;
			projectDirPath = "";
			projectRoot = "";
			targets = (
				CA17E66B19CAF81700269027 /* Knopjes */,
				CA17E68019CAF81700269027 /* KnopjesTests */,
			);
		};
/* End PBXProject section */

/* Begin PBXResourcesBuildPhase section */
		CA17E66A19CAF81700269027 /* Resources */ = {
			isa = PBXResourcesBuildPhase;
			buildActionMask = 2147483647;
			files = (
				CA17E67719CAF81700269027 /* Main.storyboard in Resources */,
				CA17E67C19CAF81700269027 /* LaunchScreen.xib in Resources */,
				CA17E67919CAF81700269027 /* Images.xcassets in Resources */,
			);
			runOnlyForDeploymentPostprocessing = 0;
		};
		CA17E67F19CAF81700269027 /* Resources */ = {
			isa = PBXResourcesBuildPhase;
			buildActionMask = 2147483647;
			files = (
			);
			runOnlyForDeploymentPostprocessing = 0;
		};
/* End PBXResourcesBuildPhase section */

/* Begin PBXSourcesBuildPhase section */
		CA17E66819CAF81700269027 /* Sources */ = {
			isa = PBXSourcesBuildPhase;
			buildActionMask = 2147483647;
			files = (
				CA17E67419CAF81700269027 /* ViewController.swift in Sources */,
				CA17E67219CAF81700269027 /* AppDelegate.swift in Sources */,
			);
			runOnlyForDeploymentPostprocessing = 0;
		};
		CA17E67D19CAF81700269027 /* Sources */ = {
			isa = PBXSourcesBuildPhase;
			buildActionMask = 2147483647;
			files = (
				CA17E68819CAF81700269027 /* KnopjesTests.swift in Sources */,
			);
			runOnlyForDeploymentPostprocessing = 0;
		};
/* End PBXSourcesBuildPhase section */

/* Begin PBXTargetDependency section */
		CA17E68319CAF81700269027 /* PBXTargetDependency */ = {
			isa = PBXTargetDependency;
			target = CA17E66B19CAF81700269027 /* Knopjes */;
			targetProxy = CA17E68219CAF81700269027 /* PBXContainerItemProxy */;
		};
/* End PBXTargetDependency section */

/* Begin PBXVariantGroup section */
		CA17E67519CAF81700269027 /* Main.storyboard */ = {
			isa = PBXVariantGroup;
			children = (
				CA17E67619CAF81700269027 /* Base */,
			);
			name = Main.storyboard;
			sourceTree = "<group>";
		};
		CA17E67A19CAF81700269027 /* LaunchScreen.xib */ = {
			isa = PBXVariantGroup;
			children = (
				CA17E67B19CAF81700269027 /* Base */,
			);
			name = LaunchScreen.xib;
			sourceTree = "<group>";
		};
/* End PBXVariantGroup section */

/* Begin XCBuildConfiguration section */
		CA17E68919CAF81700269027 /* Debug */ = {
			isa = XCBuildConfiguration;
			buildSettings = {
				ALWAYS_SEARCH_USER_PATHS = NO;
				CLANG_CXX_LANGUAGE_STANDARD = "gnu++0x";
				CLANG_CXX_LIBRARY = "libc++";
				CLANG_ENABLE_MODULES = YES;
				CLANG_ENABLE_OBJC_ARC = YES;
				CLANG_WARN_BOOL_CONVERSION = YES;
				CLANG_WARN_CONSTANT_CONVERSION = YES;
				CLANG_WARN_DIRECT_OBJC_ISA_USAGE = YES_ERROR;
				CLANG_WARN_EMPTY_BODY = YES;
				CLANG_WARN_ENUM_CONVERSION = YES;
				CLANG_WARN_INT_CONVERSION = YES;
				CLANG_WARN_OBJC_ROOT_CLASS = YES_ERROR;
				CLANG_WARN_UNREACHABLE_CODE = YES;
				CLANG_WARN__DUPLICATE_METHOD_MATCH = YES;
				"CODE_SIGN_IDENTITY[sdk=iphoneos*]" = "iPhone Developer";
				COPY_PHASE_STRIP = NO;
				ENABLE_STRICT_OBJC_MSGSEND = YES;
				GCC_C_LANGUAGE_STANDARD = gnu99;
				GCC_DYNAMIC_NO_PIC = NO;
				GCC_OPTIMIZATION_LEVEL = 0;
				GCC_PREPROCESSOR_DEFINITIONS = (
					"DEBUG=1",
					"$(inherited)",
				);
				GCC_SYMBOLS_PRIVATE_EXTERN = NO;
				GCC_WARN_64_TO_32_BIT_CONVERSION = YES;
				GCC_WARN_ABOUT_RETURN_TYPE = YES_ERROR;
				GCC_WARN_UNDECLARED_SELECTOR = YES;
				GCC_WARN_UNINITIALIZED_AUTOS = YES_AGGRESSIVE;
				GCC_WARN_UNUSED_FUNCTION = YES;
				GCC_WARN_UNUSED_VARIABLE = YES;
				IPHONEOS_DEPLOYMENT_TARGET = 8.0;
				MTL_ENABLE_DEBUG_INFO = YES;
				ONLY_ACTIVE_ARCH = YES;
				SDKROOT = iphoneos;
				SWIFT_OPTIMIZATION_LEVEL = "-Onone";
				TARGETED_DEVICE_FAMILY = "1,2";
			};
			name = Debug;
		};
		CA17E68A19CAF81700269027 /* Release */ = {
			isa = XCBuildConfiguration;
			buildSettings = {
				ALWAYS_SEARCH_USER_PATHS = NO;
				CLANG_CXX_LANGUAGE_STANDARD = "gnu++0x";
				CLANG_CXX_LIBRARY = "libc++";
				CLANG_ENABLE_MODULES = YES;
				CLANG_ENABLE_OBJC_ARC = YES;
				CLANG_WARN_BOOL_CONVERSION = YES;
				CLANG_WARN_CONSTANT_CONVERSION = YES;
				CLANG_WARN_DIRECT_OBJC_ISA_USAGE = YES_ERROR;
				CLANG_WARN_EMPTY_BODY = YES;
				CLANG_WARN_ENUM_CONVERSION = YES;
				CLANG_WARN_INT_CONVERSION = YES;
				CLANG_WARN_OBJC_ROOT_CLASS = YES_ERROR;
				CLANG_WARN_UNREACHABLE_CODE = YES;
				CLANG_WARN__DUPLICATE_METHOD_MATCH = YES;
				"CODE_SIGN_IDENTITY[sdk=iphoneos*]" = "iPhone Developer";
				COPY_PHASE_STRIP = YES;
				ENABLE_NS_ASSERTIONS = NO;
				ENABLE_STRICT_OBJC_MSGSEND = YES;
				GCC_C_LANGUAGE_STANDARD = gnu99;
				GCC_WARN_64_TO_32_BIT_CONVERSION = YES;
				GCC_WARN_ABOUT_RETURN_TYPE = YES_ERROR;
				GCC_WARN_UNDECLARED_SELECTOR = YES;
				GCC_WARN_UNINITIALIZED_AUTOS = YES_AGGRESSIVE;
				GCC_WARN_UNUSED_FUNCTION = YES;
				GCC_WARN_UNUSED_VARIABLE = YES;
				IPHONEOS_DEPLOYMENT_TARGET = 8.0;
				MTL_ENABLE_DEBUG_INFO = NO;
				SDKROOT = iphoneos;
				TARGETED_DEVICE_FAMILY = "1,2";
				VALIDATE_PRODUCT = YES;
			};
			name = Release;
		};
		CA17E68C19CAF81700269027 /* Debug */ = {
			isa = XCBuildConfiguration;
			buildSettings = {
				ASSETCATALOG_COMPILER_APPICON_NAME = AppIcon;
				INFOPLIST_FILE = Knopjes/Info.plist;
				LD_RUNPATH_SEARCH_PATHS = "$(inherited) @executable_path/Frameworks";
				PRODUCT_NAME = "$(TARGET_NAME)";
			};
			name = Debug;
		};
		CA17E68D19CAF81700269027 /* Release */ = {
			isa = XCBuildConfiguration;
			buildSettings = {
				ASSETCATALOG_COMPILER_APPICON_NAME = AppIcon;
				INFOPLIST_FILE = Knopjes/Info.plist;
				LD_RUNPATH_SEARCH_PATHS = "$(inherited) @executable_path/Frameworks";
				PRODUCT_NAME = "$(TARGET_NAME)";
			};
			name = Release;
		};
		CA17E68F19CAF81700269027 /* Debug */ = {
			isa = XCBuildConfiguration;
			buildSettings = {
				BUNDLE_LOADER = "$(TEST_HOST)";
				FRAMEWORK_SEARCH_PATHS = (
					"$(SDKROOT)/Developer/Library/Frameworks",
					"$(inherited)",
				);
				GCC_PREPROCESSOR_DEFINITIONS = (
					"DEBUG=1",
					"$(inherited)",
				);
				INFOPLIST_FILE = KnopjesTests/Info.plist;
				LD_RUNPATH_SEARCH_PATHS = "$(inherited) @executable_path/Frameworks @loader_path/Frameworks";
				PRODUCT_NAME = "$(TARGET_NAME)";
				TEST_HOST = "$(BUILT_PRODUCTS_DIR)/Knopjes.app/Knopjes";
			};
			name = Debug;
		};
		CA17E69019CAF81700269027 /* Release */ = {
			isa = XCBuildConfiguration;
			buildSettings = {
				BUNDLE_LOADER = "$(TEST_HOST)";
				FRAMEWORK_SEARCH_PATHS = (
					"$(SDKROOT)/Developer/Library/Frameworks",
					"$(inherited)",
				);
				INFOPLIST_FILE = KnopjesTests/Info.plist;
				LD_RUNPATH_SEARCH_PATHS = "$(inherited) @executable_path/Frameworks @loader_path/Frameworks";
				PRODUCT_NAME = "$(TARGET_NAME)";
				TEST_HOST = "$(BUILT_PRODUCTS_DIR)/Knopjes.app/Knopjes";
			};
			name = Release;
		};
/* End XCBuildConfiguration section */

/* Begin XCConfigurationList section */
		CA17E66719CAF81700269027 /* Build configuration list for PBXProject "Knopjes" */ = {
			isa = XCConfigurationList;
			buildConfigurations = (
				CA17E68919CAF81700269027 /* Debug */,
				CA17E68A19CAF81700269027 /* Release */,
			);
			defaultConfigurationIsVisible = 0;
			defaultConfigurationName = Release;
		};
		CA17E68B19CAF81700269027 /* Build configuration list for PBXNativeTarget "Knopjes" */ = {
			isa = XCConfigurationList;
			buildConfigurations = (
				CA17E68C19CAF81700269027 /* Debug */,
				CA17E68D19CAF81700269027 /* Release */,
			);
			defaultConfigurationIsVisible = 0;
		};
		CA17E68E19CAF81700269027 /* Build configuration list for PBXNativeTarget "KnopjesTests" */ = {
			isa = XCConfigurationList;
			buildConfigurations = (
				CA17E68F19CAF81700269027 /* Debug */,
				CA17E69019CAF81700269027 /* Release */,
			);
			defaultConfigurationIsVisible = 0;
		};
/* End XCConfigurationList section */
	};
	rootObject = CA17E66419CAF81700269027 /* Project object */;
}
