// !$*UTF8*$!
{
	archiveVersion = 1;
	classes = {
	};
	objectVersion = 46;
	objects = {

/* Begin PBXBuildFile section */
		CA1DBD811AB7708300A9D8CB /* AppDelegate.swift in Sources */ = {isa = PBXBuildFile; fileRef = CA1DBD801AB7708300A9D8CB /* AppDelegate.swift */; };
		CA1DBD831AB7708300A9D8CB /* ViewController.swift in Sources */ = {isa = PBXBuildFile; fileRef = CA1DBD821AB7708300A9D8CB /* ViewController.swift */; };
		CA1DBD861AB7708300A9D8CB /* Main.storyboard in Resources */ = {isa = PBXBuildFile; fileRef = CA1DBD841AB7708300A9D8CB /* Main.storyboard */; };
		CA1DBD881AB7708300A9D8CB /* Images.xcassets in Resources */ = {isa = PBXBuildFile; fileRef = CA1DBD871AB7708300A9D8CB /* Images.xcassets */; };
		CA1DBD8B1AB7708300A9D8CB /* LaunchScreen.xib in Resources */ = {isa = PBXBuildFile; fileRef = CA1DBD891AB7708300A9D8CB /* LaunchScreen.xib */; };
		CA1DBD971AB7708300A9D8CB /* SequeTestTests.swift in Sources */ = {isa = PBXBuildFile; fileRef = CA1DBD961AB7708300A9D8CB /* SequeTestTests.swift */; };
		CA1DBDA11AB7722400A9D8CB /* DestinationViewController.swift in Sources */ = {isa = PBXBuildFile; fileRef = CA1DBDA01AB7722400A9D8CB /* DestinationViewController.swift */; };
/* End PBXBuildFile section */

/* Begin PBXContainerItemProxy section */
		CA1DBD911AB7708300A9D8CB /* PBXContainerItemProxy */ = {
			isa = PBXContainerItemProxy;
			containerPortal = CA1DBD731AB7708200A9D8CB /* Project object */;
			proxyType = 1;
			remoteGlobalIDString = CA1DBD7A1AB7708300A9D8CB;
			remoteInfo = SequeTest;
		};
/* End PBXContainerItemProxy section */

/* Begin PBXFileReference section */
		CA1DBD7B1AB7708300A9D8CB /* SequeTest.app */ = {isa = PBXFileReference; explicitFileType = wrapper.application; includeInIndex = 0; path = SequeTest.app; sourceTree = BUILT_PRODUCTS_DIR; };
		CA1DBD7F1AB7708300A9D8CB /* Info.plist */ = {isa = PBXFileReference; lastKnownFileType = text.plist.xml; path = Info.plist; sourceTree = "<group>"; };
		CA1DBD801AB7708300A9D8CB /* AppDelegate.swift */ = {isa = PBXFileReference; lastKnownFileType = sourcecode.swift; path = AppDelegate.swift; sourceTree = "<group>"; };
		CA1DBD821AB7708300A9D8CB /* ViewController.swift */ = {isa = PBXFileReference; lastKnownFileType = sourcecode.swift; path = ViewController.swift; sourceTree = "<group>"; };
		CA1DBD851AB7708300A9D8CB /* Base */ = {isa = PBXFileReference; lastKnownFileType = file.storyboard; name = Base; path = Base.lproj/Main.storyboard; sourceTree = "<group>"; };
		CA1DBD871AB7708300A9D8CB /* Images.xcassets */ = {isa = PBXFileReference; lastKnownFileType = folder.assetcatalog; path = Images.xcassets; sourceTree = "<group>"; };
		CA1DBD8A1AB7708300A9D8CB /* Base */ = {isa = PBXFileReference; lastKnownFileType = file.xib; name = Base; path = Base.lproj/LaunchScreen.xib; sourceTree = "<group>"; };
		CA1DBD901AB7708300A9D8CB /* SequeTestTests.xctest */ = {isa = PBXFileReference; explicitFileType = wrapper.cfbundle; includeInIndex = 0; path = SequeTestTests.xctest; sourceTree = BUILT_PRODUCTS_DIR; };
		CA1DBD951AB7708300A9D8CB /* Info.plist */ = {isa = PBXFileReference; lastKnownFileType = text.plist.xml; path = Info.plist; sourceTree = "<group>"; };
		CA1DBD961AB7708300A9D8CB /* SequeTestTests.swift */ = {isa = PBXFileReference; lastKnownFileType = sourcecode.swift; path = SequeTestTests.swift; sourceTree = "<group>"; };
		CA1DBDA01AB7722400A9D8CB /* DestinationViewController.swift */ = {isa = PBXFileReference; fileEncoding = 4; lastKnownFileType = sourcecode.swift; path = DestinationViewController.swift; sourceTree = "<group>"; };
/* End PBXFileReference section */

/* Begin PBXFrameworksBuildPhase section */
		CA1DBD781AB7708300A9D8CB /* Frameworks */ = {
			isa = PBXFrameworksBuildPhase;
			buildActionMask = 2147483647;
			files = (
			);
			runOnlyForDeploymentPostprocessing = 0;
		};
		CA1DBD8D1AB7708300A9D8CB /* Frameworks */ = {
			isa = PBXFrameworksBuildPhase;
			buildActionMask = 2147483647;
			files = (
			);
			runOnlyForDeploymentPostprocessing = 0;
		};
/* End PBXFrameworksBuildPhase section */

/* Begin PBXGroup section */
		CA1DBD721AB7708200A9D8CB = {
			isa = PBXGroup;
			children = (
				CA1DBD7D1AB7708300A9D8CB /* SequeTest */,
				CA1DBD931AB7708300A9D8CB /* SequeTestTests */,
				CA1DBD7C1AB7708300A9D8CB /* Products */,
			);
			sourceTree = "<group>";
		};
		CA1DBD7C1AB7708300A9D8CB /* Products */ = {
			isa = PBXGroup;
			children = (
				CA1DBD7B1AB7708300A9D8CB /* SequeTest.app */,
				CA1DBD901AB7708300A9D8CB /* SequeTestTests.xctest */,
			);
			name = Products;
			sourceTree = "<group>";
		};
		CA1DBD7D1AB7708300A9D8CB /* SequeTest */ = {
			isa = PBXGroup;
			children = (
				CA1DBD801AB7708300A9D8CB /* AppDelegate.swift */,
				CA1DBD821AB7708300A9D8CB /* ViewController.swift */,
				CA1DBD841AB7708300A9D8CB /* Main.storyboard */,
				CA1DBD871AB7708300A9D8CB /* Images.xcassets */,
				CA1DBD891AB7708300A9D8CB /* LaunchScreen.xib */,
				CA1DBD7E1AB7708300A9D8CB /* Supporting Files */,
				CA1DBDA01AB7722400A9D8CB /* DestinationViewController.swift */,
			);
			path = SequeTest;
			sourceTree = "<group>";
		};
		CA1DBD7E1AB7708300A9D8CB /* Supporting Files */ = {
			isa = PBXGroup;
			children = (
				CA1DBD7F1AB7708300A9D8CB /* Info.plist */,
			);
			name = "Supporting Files";
			sourceTree = "<group>";
		};
		CA1DBD931AB7708300A9D8CB /* SequeTestTests */ = {
			isa = PBXGroup;
			children = (
				CA1DBD961AB7708300A9D8CB /* SequeTestTests.swift */,
				CA1DBD941AB7708300A9D8CB /* Supporting Files */,
			);
			path = SequeTestTests;
			sourceTree = "<group>";
		};
		CA1DBD941AB7708300A9D8CB /* Supporting Files */ = {
			isa = PBXGroup;
			children = (
				CA1DBD951AB7708300A9D8CB /* Info.plist */,
			);
			name = "Supporting Files";
			sourceTree = "<group>";
		};
/* End PBXGroup section */

/* Begin PBXNativeTarget section */
		CA1DBD7A1AB7708300A9D8CB /* SequeTest */ = {
			isa = PBXNativeTarget;
			buildConfigurationList = CA1DBD9A1AB7708300A9D8CB /* Build configuration list for PBXNativeTarget "SequeTest" */;
			buildPhases = (
				CA1DBD771AB7708300A9D8CB /* Sources */,
				CA1DBD781AB7708300A9D8CB /* Frameworks */,
				CA1DBD791AB7708300A9D8CB /* Resources */,
			);
			buildRules = (
			);
			dependencies = (
			);
			name = SequeTest;
			productName = SequeTest;
			productReference = CA1DBD7B1AB7708300A9D8CB /* SequeTest.app */;
			productType = "com.apple.product-type.application";
		};
		CA1DBD8F1AB7708300A9D8CB /* SequeTestTests */ = {
			isa = PBXNativeTarget;
			buildConfigurationList = CA1DBD9D1AB7708300A9D8CB /* Build configuration list for PBXNativeTarget "SequeTestTests" */;
			buildPhases = (
				CA1DBD8C1AB7708300A9D8CB /* Sources */,
				CA1DBD8D1AB7708300A9D8CB /* Frameworks */,
				CA1DBD8E1AB7708300A9D8CB /* Resources */,
			);
			buildRules = (
			);
			dependencies = (
				CA1DBD921AB7708300A9D8CB /* PBXTargetDependency */,
			);
			name = SequeTestTests;
			productName = SequeTestTests;
			productReference = CA1DBD901AB7708300A9D8CB /* SequeTestTests.xctest */;
			productType = "com.apple.product-type.bundle.unit-test";
		};
/* End PBXNativeTarget section */

/* Begin PBXProject section */
		CA1DBD731AB7708200A9D8CB /* Project object */ = {
			isa = PBXProject;
			attributes = {
				LastUpgradeCheck = 0610;
				ORGANIZATIONNAME = "Vooruit met";
				TargetAttributes = {
					CA1DBD7A1AB7708300A9D8CB = {
						CreatedOnToolsVersion = 6.1.1;
					};
					CA1DBD8F1AB7708300A9D8CB = {
						CreatedOnToolsVersion = 6.1.1;
						TestTargetID = CA1DBD7A1AB7708300A9D8CB;
					};
				};
			};
			buildConfigurationList = CA1DBD761AB7708200A9D8CB /* Build configuration list for PBXProject "SequeTest" */;
			compatibilityVersion = "Xcode 3.2";
			developmentRegion = English;
			hasScannedForEncodings = 0;
			knownRegions = (
				en,
				Base,
			);
			mainGroup = CA1DBD721AB7708200A9D8CB;
			productRefGroup = CA1DBD7C1AB7708300A9D8CB /* Products */;
			projectDirPath = "";
			projectRoot = "";
			targets = (
				CA1DBD7A1AB7708300A9D8CB /* SequeTest */,
				CA1DBD8F1AB7708300A9D8CB /* SequeTestTests */,
			);
		};
/* End PBXProject section */

/* Begin PBXResourcesBuildPhase section */
		CA1DBD791AB7708300A9D8CB /* Resources */ = {
			isa = PBXResourcesBuildPhase;
			buildActionMask = 2147483647;
			files = (
				CA1DBD861AB7708300A9D8CB /* Main.storyboard in Resources */,
				CA1DBD8B1AB7708300A9D8CB /* LaunchScreen.xib in Resources */,
				CA1DBD881AB7708300A9D8CB /* Images.xcassets in Resources */,
			);
			runOnlyForDeploymentPostprocessing = 0;
		};
		CA1DBD8E1AB7708300A9D8CB /* Resources */ = {
			isa = PBXResourcesBuildPhase;
			buildActionMask = 2147483647;
			files = (
			);
			runOnlyForDeploymentPostprocessing = 0;
		};
/* End PBXResourcesBuildPhase section */

/* Begin PBXSourcesBuildPhase section */
		CA1DBD771AB7708300A9D8CB /* Sources */ = {
			isa = PBXSourcesBuildPhase;
			buildActionMask = 2147483647;
			files = (
				CA1DBD831AB7708300A9D8CB /* ViewController.swift in Sources */,
				CA1DBDA11AB7722400A9D8CB /* DestinationViewController.swift in Sources */,
				CA1DBD811AB7708300A9D8CB /* AppDelegate.swift in Sources */,
			);
			runOnlyForDeploymentPostprocessing = 0;
		};
		CA1DBD8C1AB7708300A9D8CB /* Sources */ = {
			isa = PBXSourcesBuildPhase;
			buildActionMask = 2147483647;
			files = (
				CA1DBD971AB7708300A9D8CB /* SequeTestTests.swift in Sources */,
			);
			runOnlyForDeploymentPostprocessing = 0;
		};
/* End PBXSourcesBuildPhase section */

/* Begin PBXTargetDependency section */
		CA1DBD921AB7708300A9D8CB /* PBXTargetDependency */ = {
			isa = PBXTargetDependency;
			target = CA1DBD7A1AB7708300A9D8CB /* SequeTest */;
			targetProxy = CA1DBD911AB7708300A9D8CB /* PBXContainerItemProxy */;
		};
/* End PBXTargetDependency section */

/* Begin PBXVariantGroup section */
		CA1DBD841AB7708300A9D8CB /* Main.storyboard */ = {
			isa = PBXVariantGroup;
			children = (
				CA1DBD851AB7708300A9D8CB /* Base */,
			);
			name = Main.storyboard;
			sourceTree = "<group>";
		};
		CA1DBD891AB7708300A9D8CB /* LaunchScreen.xib */ = {
			isa = PBXVariantGroup;
			children = (
				CA1DBD8A1AB7708300A9D8CB /* Base */,
			);
			name = LaunchScreen.xib;
			sourceTree = "<group>";
		};
/* End PBXVariantGroup section */

/* Begin XCBuildConfiguration section */
		CA1DBD981AB7708300A9D8CB /* Debug */ = {
			isa = XCBuildConfiguration;
			buildSettings = {
				ALWAYS_SEARCH_USER_PATHS = NO;
				CLANG_CXX_LANGUAGE_STANDARD = "gnu++0x";
				CLANG_CXX_LIBRARY = "libc++";
				CLANG_ENABLE_MODULES = YES;
				CLANG_ENABLE_OBJC_ARC = YES;
				CLANG_WARN_BOOL_CONVERSION = YES;
				CLANG_WARN_CONSTANT_CONVERSION = YES;
				CLANG_WARN_DIRECT_OBJC_ISA_USAGE = YES_ERROR;
				CLANG_WARN_EMPTY_BODY = YES;
				CLANG_WARN_ENUM_CONVERSION = YES;
				CLANG_WARN_INT_CONVERSION = YES;
				CLANG_WARN_OBJC_ROOT_CLASS = YES_ERROR;
				CLANG_WARN_UNREACHABLE_CODE = YES;
				CLANG_WARN__DUPLICATE_METHOD_MATCH = YES;
				"CODE_SIGN_IDENTITY[sdk=iphoneos*]" = "iPhone Developer";
				COPY_PHASE_STRIP = NO;
				ENABLE_STRICT_OBJC_MSGSEND = YES;
				GCC_C_LANGUAGE_STANDARD = gnu99;
				GCC_DYNAMIC_NO_PIC = NO;
				GCC_OPTIMIZATION_LEVEL = 0;
				GCC_PREPROCESSOR_DEFINITIONS = (
					"DEBUG=1",
					"$(inherited)",
				);
				GCC_SYMBOLS_PRIVATE_EXTERN = NO;
				GCC_WARN_64_TO_32_BIT_CONVERSION = YES;
				GCC_WARN_ABOUT_RETURN_TYPE = YES_ERROR;
				GCC_WARN_UNDECLARED_SELECTOR = YES;
				GCC_WARN_UNINITIALIZED_AUTOS = YES_AGGRESSIVE;
				GCC_WARN_UNUSED_FUNCTION = YES;
				GCC_WARN_UNUSED_VARIABLE = YES;
				IPHONEOS_DEPLOYMENT_TARGET = 8.1;
				MTL_ENABLE_DEBUG_INFO = YES;
				ONLY_ACTIVE_ARCH = YES;
				SDKROOT = iphoneos;
				SWIFT_OPTIMIZATION_LEVEL = "-Onone";
				TARGETED_DEVICE_FAMILY = 2;
			};
			name = Debug;
		};
		CA1DBD991AB7708300A9D8CB /* Release */ = {
			isa = XCBuildConfiguration;
			buildSettings = {
				ALWAYS_SEARCH_USER_PATHS = NO;
				CLANG_CXX_LANGUAGE_STANDARD = "gnu++0x";
				CLANG_CXX_LIBRARY = "libc++";
				CLANG_ENABLE_MODULES = YES;
				CLANG_ENABLE_OBJC_ARC = YES;
				CLANG_WARN_BOOL_CONVERSION = YES;
				CLANG_WARN_CONSTANT_CONVERSION = YES;
				CLANG_WARN_DIRECT_OBJC_ISA_USAGE = YES_ERROR;
				CLANG_WARN_EMPTY_BODY = YES;
				CLANG_WARN_ENUM_CONVERSION = YES;
				CLANG_WARN_INT_CONVERSION = YES;
				CLANG_WARN_OBJC_ROOT_CLASS = YES_ERROR;
				CLANG_WARN_UNREACHABLE_CODE = YES;
				CLANG_WARN__DUPLICATE_METHOD_MATCH = YES;
				"CODE_SIGN_IDENTITY[sdk=iphoneos*]" = "iPhone Developer";
				COPY_PHASE_STRIP = YES;
				ENABLE_NS_ASSERTIONS = NO;
				ENABLE_STRICT_OBJC_MSGSEND = YES;
				GCC_C_LANGUAGE_STANDARD = gnu99;
				GCC_WARN_64_TO_32_BIT_CONVERSION = YES;
				GCC_WARN_ABOUT_RETURN_TYPE = YES_ERROR;
				GCC_WARN_UNDECLARED_SELECTOR = YES;
				GCC_WARN_UNINITIALIZED_AUTOS = YES_AGGRESSIVE;
				GCC_WARN_UNUSED_FUNCTION = YES;
				GCC_WARN_UNUSED_VARIABLE = YES;
				IPHONEOS_DEPLOYMENT_TARGET = 8.1;
				MTL_ENABLE_DEBUG_INFO = NO;
				SDKROOT = iphoneos;
				TARGETED_DEVICE_FAMILY = 2;
				VALIDATE_PRODUCT = YES;
			};
			name = Release;
		};
		CA1DBD9B1AB7708300A9D8CB /* Debug */ = {
			isa = XCBuildConfiguration;
			buildSettings = {
				ASSETCATALOG_COMPILER_APPICON_NAME = AppIcon;
				INFOPLIST_FILE = SequeTest/Info.plist;
				LD_RUNPATH_SEARCH_PATHS = "$(inherited) @executable_path/Frameworks";
				PRODUCT_NAME = "$(TARGET_NAME)";
			};
			name = Debug;
		};
		CA1DBD9C1AB7708300A9D8CB /* Release */ = {
			isa = XCBuildConfiguration;
			buildSettings = {
				ASSETCATALOG_COMPILER_APPICON_NAME = AppIcon;
				INFOPLIST_FILE = SequeTest/Info.plist;
				LD_RUNPATH_SEARCH_PATHS = "$(inherited) @executable_path/Frameworks";
				PRODUCT_NAME = "$(TARGET_NAME)";
			};
			name = Release;
		};
		CA1DBD9E1AB7708300A9D8CB /* Debug */ = {
			isa = XCBuildConfiguration;
			buildSettings = {
				BUNDLE_LOADER = "$(TEST_HOST)";
				FRAMEWORK_SEARCH_PATHS = (
					"$(SDKROOT)/Developer/Library/Frameworks",
					"$(inherited)",
				);
				GCC_PREPROCESSOR_DEFINITIONS = (
					"DEBUG=1",
					"$(inherited)",
				);
				INFOPLIST_FILE = SequeTestTests/Info.plist;
				LD_RUNPATH_SEARCH_PATHS = "$(inherited) @executable_path/Frameworks @loader_path/Frameworks";
				PRODUCT_NAME = "$(TARGET_NAME)";
				TEST_HOST = "$(BUILT_PRODUCTS_DIR)/SequeTest.app/SequeTest";
			};
			name = Debug;
		};
		CA1DBD9F1AB7708300A9D8CB /* Release */ = {
			isa = XCBuildConfiguration;
			buildSettings = {
				BUNDLE_LOADER = "$(TEST_HOST)";
				FRAMEWORK_SEARCH_PATHS = (
					"$(SDKROOT)/Developer/Library/Frameworks",
					"$(inherited)",
				);
				INFOPLIST_FILE = SequeTestTests/Info.plist;
				LD_RUNPATH_SEARCH_PATHS = "$(inherited) @executable_path/Frameworks @loader_path/Frameworks";
				PRODUCT_NAME = "$(TARGET_NAME)";
				TEST_HOST = "$(BUILT_PRODUCTS_DIR)/SequeTest.app/SequeTest";
			};
			name = Release;
		};
/* End XCBuildConfiguration section */

/* Begin XCConfigurationList section */
		CA1DBD761AB7708200A9D8CB /* Build configuration list for PBXProject "SequeTest" */ = {
			isa = XCConfigurationList;
			buildConfigurations = (
				CA1DBD981AB7708300A9D8CB /* Debug */,
				CA1DBD991AB7708300A9D8CB /* Release */,
			);
			defaultConfigurationIsVisible = 0;
			defaultConfigurationName = Release;
		};
		CA1DBD9A1AB7708300A9D8CB /* Build configuration list for PBXNativeTarget "SequeTest" */ = {
			isa = XCConfigurationList;
			buildConfigurations = (
				CA1DBD9B1AB7708300A9D8CB /* Debug */,
				CA1DBD9C1AB7708300A9D8CB /* Release */,
			);
			defaultConfigurationIsVisible = 0;
		};
		CA1DBD9D1AB7708300A9D8CB /* Build configuration list for PBXNativeTarget "SequeTestTests" */ = {
			isa = XCConfigurationList;
			buildConfigurations = (
				CA1DBD9E1AB7708300A9D8CB /* Debug */,
				CA1DBD9F1AB7708300A9D8CB /* Release */,
			);
			defaultConfigurationIsVisible = 0;
		};
/* End XCConfigurationList section */
	};
	rootObject = CA1DBD731AB7708200A9D8CB /* Project object */;
}
